
Microsoft Visual Studio Solution File, Format Version 12.00
# Visual Studio Version 17
VisualStudioVersion = 17.0.32014.148
MinimumVisualStudioVersion = 10.0.40219.1
Project("{FAE04EC0-301F-11D3-BF4B-00C04F79EFBC}") = "ADO_CRUD", "ADO_CRUD\ADO_CRUD.csproj", "{056D90CB-E819-44A8-B0F7-B750C3072EB2}"
EndProject
Project("{FAE04EC0-301F-11D3-BF4B-00C04F79EFBC}") = "DataAccess", "DataAccess\DataAccess.csproj", "{F02BACAE-701A-4452-857C-A500AAFF372D}"
EndProject
Global
	GlobalSection(SolutionConfigurationPlatforms) = preSolution
		Debug|Any CPU = Debug|Any CPU
		Release|Any CPU = Release|Any CPU
	EndGlobalSection
	GlobalSection(ProjectConfigurationPlatforms) = postSolution
		{056D90CB-E819-44A8-B0F7-B750C3072EB2}.Debug|Any CPU.ActiveCfg = Debug|Any CPU
		{056D90CB-E819-44A8-B0F7-B750C3072EB2}.Debug|Any CPU.Build.0 = Debug|Any CPU
		{056D90CB-E819-44A8-B0F7-B750C3072EB2}.Release|Any CPU.ActiveCfg = Release|Any CPU
		{056D90CB-E819-44A8-B0F7-B750C3072EB2}.Release|Any CPU.Build.0 = Release|Any CPU
		{F02BACAE-701A-4452-857C-A500AAFF372D}.Debug|Any CPU.ActiveCfg = Debug|Any CPU
		{F02BACAE-701A-4452-857C-A500AAFF372D}.Debug|Any CPU.Build.0 = Debug|Any CPU
		{F02BACAE-701A-4452-857C-A500AAFF372D}.Release|Any CPU.ActiveCfg = Release|Any CPU
		{F02BACAE-701A-4452-857C-A500AAFF372D}.Release|Any CPU.Build.0 = Release|Any CPU
	EndGlobalSection
	GlobalSection(SolutionProperties) = preSolution
		HideSolutionNode = FALSE
	EndGlobalSection
	GlobalSection(ExtensibilityGlobals) = postSolution
		SolutionGuid = {5E863D01-4B3B-4623-83D4-D2769B43437E}
	EndGlobalSection
EndGlobal
